// !$*UTF8*$!
{
	archiveVersion = 1;
	classes = {
	};
	objectVersion = 46;
	objects = {

/* Begin PBXBuildFile section */
		CC2846381B5DFA800051B27C /* NSString+Additions.m in Sources */ = {isa = PBXBuildFile; fileRef = CC2846291B5DFA800051B27C /* NSString+Additions.m */; };
		CC2846391B5DFA800051B27C /* YMVersionCheck.m in Sources */ = {isa = PBXBuildFile; fileRef = CC28462C1B5DFA800051B27C /* YMVersionCheck.m */; };
		CC28463A1B5DFA800051B27C /* UITableViewAdditional.m in Sources */ = {isa = PBXBuildFile; fileRef = CC2846301B5DFA800051B27C /* UITableViewAdditional.m */; };
		CC28463B1B5DFA800051B27C /* UIViewController+Convenience.m in Sources */ = {isa = PBXBuildFile; fileRef = CC2846331B5DFA800051B27C /* UIViewController+Convenience.m */; };
		CC28463C1B5DFA800051B27C /* README.md in Sources */ = {isa = PBXBuildFile; fileRef = CC2846351B5DFA800051B27C /* README.md */; };
		CC28463D1B5DFA800051B27C /* WJImageSize.m in Sources */ = {isa = PBXBuildFile; fileRef = CC2846371B5DFA800051B27C /* WJImageSize.m */; };
		CC527A501B5DFA3E00676134 /* main.m in Sources */ = {isa = PBXBuildFile; fileRef = CC527A4F1B5DFA3E00676134 /* main.m */; };
		CC527A531B5DFA3E00676134 /* AppDelegate.m in Sources */ = {isa = PBXBuildFile; fileRef = CC527A521B5DFA3E00676134 /* AppDelegate.m */; };
		CC527A561B5DFA3E00676134 /* ViewController.m in Sources */ = {isa = PBXBuildFile; fileRef = CC527A551B5DFA3E00676134 /* ViewController.m */; };
		CC527A591B5DFA3E00676134 /* Main.storyboard in Resources */ = {isa = PBXBuildFile; fileRef = CC527A571B5DFA3E00676134 /* Main.storyboard */; };
		CC527A5B1B5DFA3E00676134 /* Images.xcassets in Resources */ = {isa = PBXBuildFile; fileRef = CC527A5A1B5DFA3E00676134 /* Images.xcassets */; };
		CC527A5E1B5DFA3E00676134 /* LaunchScreen.xib in Resources */ = {isa = PBXBuildFile; fileRef = CC527A5C1B5DFA3E00676134 /* LaunchScreen.xib */; };
		CC527A6A1B5DFA3E00676134 /* _5_DemoLogTests.m in Sources */ = {isa = PBXBuildFile; fileRef = CC527A691B5DFA3E00676134 /* _5_DemoLogTests.m */; };
/* End PBXBuildFile section */

/* Begin PBXContainerItemProxy section */
		CC527A641B5DFA3E00676134 /* PBXContainerItemProxy */ = {
			isa = PBXContainerItemProxy;
			containerPortal = CC527A421B5DFA3E00676134 /* Project object */;
			proxyType = 1;
			remoteGlobalIDString = CC527A491B5DFA3E00676134;
			remoteInfo = "05-DemoLog";
		};
/* End PBXContainerItemProxy section */

/* Begin PBXFileReference section */
		CC2846251B5DFA800051B27C /* common.h */ = {isa = PBXFileReference; fileEncoding = 4; lastKnownFileType = sourcecode.c.h; path = common.h; sourceTree = "<group>"; };
		CC2846281B5DFA800051B27C /* NSString+Additions.h */ = {isa = PBXFileReference; fileEncoding = 4; lastKnownFileType = sourcecode.c.h; path = "NSString+Additions.h"; sourceTree = "<group>"; };
		CC2846291B5DFA800051B27C /* NSString+Additions.m */ = {isa = PBXFileReference; fileEncoding = 4; lastKnownFileType = sourcecode.c.objc; path = "NSString+Additions.m"; sourceTree = "<group>"; };
		CC28462B1B5DFA800051B27C /* YMVersionCheck.h */ = {isa = PBXFileReference; fileEncoding = 4; lastKnownFileType = sourcecode.c.h; path = YMVersionCheck.h; sourceTree = "<group>"; };
		CC28462C1B5DFA800051B27C /* YMVersionCheck.m */ = {isa = PBXFileReference; fileEncoding = 4; lastKnownFileType = sourcecode.c.objc; path = YMVersionCheck.m; sourceTree = "<group>"; };
		CC28462F1B5DFA800051B27C /* UITableViewAdditional.h */ = {isa = PBXFileReference; fileEncoding = 4; lastKnownFileType = sourcecode.c.h; path = UITableViewAdditional.h; sourceTree = "<group>"; };
		CC2846301B5DFA800051B27C /* UITableViewAdditional.m */ = {isa = PBXFileReference; fileEncoding = 4; lastKnownFileType = sourcecode.c.objc; path = UITableViewAdditional.m; sourceTree = "<group>"; };
		CC2846321B5DFA800051B27C /* UIViewController+Convenience.h */ = {isa = PBXFileReference; fileEncoding = 4; lastKnownFileType = sourcecode.c.h; path = "UIViewController+Convenience.h"; sourceTree = "<group>"; };
		CC2846331B5DFA800051B27C /* UIViewController+Convenience.m */ = {isa = PBXFileReference; fileEncoding = 4; lastKnownFileType = sourcecode.c.objc; path = "UIViewController+Convenience.m"; sourceTree = "<group>"; };
		CC2846351B5DFA800051B27C /* README.md */ = {isa = PBXFileReference; fileEncoding = 4; lastKnownFileType = net.daringfireball.markdown; path = README.md; sourceTree = "<group>"; };
		CC2846361B5DFA800051B27C /* WJImageSize.h */ = {isa = PBXFileReference; fileEncoding = 4; lastKnownFileType = sourcecode.c.h; path = WJImageSize.h; sourceTree = "<group>"; };
		CC2846371B5DFA800051B27C /* WJImageSize.m */ = {isa = PBXFileReference; fileEncoding = 4; lastKnownFileType = sourcecode.c.objc; path = WJImageSize.m; sourceTree = "<group>"; };
		CC527A4A1B5DFA3E00676134 /* 05-DemoLog.app */ = {isa = PBXFileReference; explicitFileType = wrapper.application; includeInIndex = 0; path = "05-DemoLog.app"; sourceTree = BUILT_PRODUCTS_DIR; };
		CC527A4E1B5DFA3E00676134 /* Info.plist */ = {isa = PBXFileReference; lastKnownFileType = text.plist.xml; path = Info.plist; sourceTree = "<group>"; };
		CC527A4F1B5DFA3E00676134 /* main.m */ = {isa = PBXFileReference; lastKnownFileType = sourcecode.c.objc; path = main.m; sourceTree = "<group>"; };
		CC527A511B5DFA3E00676134 /* AppDelegate.h */ = {isa = PBXFileReference; lastKnownFileType = sourcecode.c.h; path = AppDelegate.h; sourceTree = "<group>"; };
		CC527A521B5DFA3E00676134 /* AppDelegate.m */ = {isa = PBXFileReference; lastKnownFileType = sourcecode.c.objc; path = AppDelegate.m; sourceTree = "<group>"; };
		CC527A541B5DFA3E00676134 /* ViewController.h */ = {isa = PBXFileReference; lastKnownFileType = sourcecode.c.h; path = ViewController.h; sourceTree = "<group>"; };
		CC527A551B5DFA3E00676134 /* ViewController.m */ = {isa = PBXFileReference; lastKnownFileType = sourcecode.c.objc; path = ViewController.m; sourceTree = "<group>"; };
		CC527A581B5DFA3E00676134 /* Base */ = {isa = PBXFileReference; lastKnownFileType = file.storyboard; name = Base; path = Base.lproj/Main.storyboard; sourceTree = "<group>"; };
		CC527A5A1B5DFA3E00676134 /* Images.xcassets */ = {isa = PBXFileReference; lastKnownFileType = folder.assetcatalog; path = Images.xcassets; sourceTree = "<group>"; };
		CC527A5D1B5DFA3E00676134 /* Base */ = {isa = PBXFileReference; lastKnownFileType = file.xib; name = Base; path = Base.lproj/LaunchScreen.xib; sourceTree = "<group>"; };
		CC527A631B5DFA3E00676134 /* 05-DemoLogTests.xctest */ = {isa = PBXFileReference; explicitFileType = wrapper.cfbundle; includeInIndex = 0; path = "05-DemoLogTests.xctest"; sourceTree = BUILT_PRODUCTS_DIR; };
		CC527A681B5DFA3E00676134 /* Info.plist */ = {isa = PBXFileReference; lastKnownFileType = text.plist.xml; path = Info.plist; sourceTree = "<group>"; };
		CC527A691B5DFA3E00676134 /* _5_DemoLogTests.m */ = {isa = PBXFileReference; lastKnownFileType = sourcecode.c.objc; path = _5_DemoLogTests.m; sourceTree = "<group>"; };
/* End PBXFileReference section */

/* Begin PBXFrameworksBuildPhase section */
		CC527A471B5DFA3E00676134 /* Frameworks */ = {
			isa = PBXFrameworksBuildPhase;
			buildActionMask = 2147483647;
			files = (
			);
			runOnlyForDeploymentPostprocessing = 0;
		};
		CC527A601B5DFA3E00676134 /* Frameworks */ = {
			isa = PBXFrameworksBuildPhase;
			buildActionMask = 2147483647;
			files = (
			);
			runOnlyForDeploymentPostprocessing = 0;
		};
/* End PBXFrameworksBuildPhase section */

/* Begin PBXGroup section */
		CC2846241B5DFA800051B27C /* Utilities */ = {
			isa = PBXGroup;
			children = (
				CC2846251B5DFA800051B27C /* common.h */,
				CC2846261B5DFA800051B27C /* FoundationAdditions */,
				CC28462D1B5DFA800051B27C /* UIKitAdditions */,
			);
			path = Utilities;
			sourceTree = "<group>";
		};
		CC2846261B5DFA800051B27C /* FoundationAdditions */ = {
			isa = PBXGroup;
			children = (
				CC2846271B5DFA800051B27C /* NSStringCategorys */,
				CC28462A1B5DFA800051B27C /* Version */,
			);
			path = FoundationAdditions;
			sourceTree = "<group>";
		};
		CC2846271B5DFA800051B27C /* NSStringCategorys */ = {
			isa = PBXGroup;
			children = (
				CC2846281B5DFA800051B27C /* NSString+Additions.h */,
				CC2846291B5DFA800051B27C /* NSString+Additions.m */,
			);
			path = NSStringCategorys;
			sourceTree = "<group>";
		};
		CC28462A1B5DFA800051B27C /* Version */ = {
			isa = PBXGroup;
			children = (
				CC28462B1B5DFA800051B27C /* YMVersionCheck.h */,
				CC28462C1B5DFA800051B27C /* YMVersionCheck.m */,
			);
			path = Version;
			sourceTree = "<group>";
		};
		CC28462D1B5DFA800051B27C /* UIKitAdditions */ = {
			isa = PBXGroup;
			children = (
				CC28462E1B5DFA800051B27C /* UITableView */,
				CC2846311B5DFA800051B27C /* UIViewController */,
				CC2846341B5DFA800051B27C /* WJImageSize */,
			);
			path = UIKitAdditions;
			sourceTree = "<group>";
		};
		CC28462E1B5DFA800051B27C /* UITableView */ = {
			isa = PBXGroup;
			children = (
				CC28462F1B5DFA800051B27C /* UITableViewAdditional.h */,
				CC2846301B5DFA800051B27C /* UITableViewAdditional.m */,
			);
			path = UITableView;
			sourceTree = "<group>";
		};
		CC2846311B5DFA800051B27C /* UIViewController */ = {
			isa = PBXGroup;
			children = (
				CC2846321B5DFA800051B27C /* UIViewController+Convenience.h */,
				CC2846331B5DFA800051B27C /* UIViewController+Convenience.m */,
			);
			path = UIViewController;
			sourceTree = "<group>";
		};
		CC2846341B5DFA800051B27C /* WJImageSize */ = {
			isa = PBXGroup;
			children = (
				CC2846351B5DFA800051B27C /* README.md */,
				CC2846361B5DFA800051B27C /* WJImageSize.h */,
				CC2846371B5DFA800051B27C /* WJImageSize.m */,
			);
			path = WJImageSize;
			sourceTree = "<group>";
		};
		CC527A411B5DFA3E00676134 = {
			isa = PBXGroup;
			children = (
				CC527A4C1B5DFA3E00676134 /* 05-DemoLog */,
				CC527A661B5DFA3E00676134 /* 05-DemoLogTests */,
				CC527A4B1B5DFA3E00676134 /* Products */,
			);
			sourceTree = "<group>";
		};
		CC527A4B1B5DFA3E00676134 /* Products */ = {
			isa = PBXGroup;
			children = (
				CC527A4A1B5DFA3E00676134 /* 05-DemoLog.app */,
				CC527A631B5DFA3E00676134 /* 05-DemoLogTests.xctest */,
			);
			name = Products;
			sourceTree = "<group>";
		};
		CC527A4C1B5DFA3E00676134 /* 05-DemoLog */ = {
			isa = PBXGroup;
			children = (
				CC2846241B5DFA800051B27C /* Utilities */,
				CC527A511B5DFA3E00676134 /* AppDelegate.h */,
				CC527A521B5DFA3E00676134 /* AppDelegate.m */,
				CC527A541B5DFA3E00676134 /* ViewController.h */,
				CC527A551B5DFA3E00676134 /* ViewController.m */,
				CC527A571B5DFA3E00676134 /* Main.storyboard */,
				CC527A5A1B5DFA3E00676134 /* Images.xcassets */,
				CC527A5C1B5DFA3E00676134 /* LaunchScreen.xib */,
				CC527A4D1B5DFA3E00676134 /* Supporting Files */,
			);
			path = "05-DemoLog";
			sourceTree = "<group>";
		};
		CC527A4D1B5DFA3E00676134 /* Supporting Files */ = {
			isa = PBXGroup;
			children = (
				CC527A4E1B5DFA3E00676134 /* Info.plist */,
				CC527A4F1B5DFA3E00676134 /* main.m */,
			);
			name = "Supporting Files";
			sourceTree = "<group>";
		};
		CC527A661B5DFA3E00676134 /* 05-DemoLogTests */ = {
			isa = PBXGroup;
			children = (
				CC527A691B5DFA3E00676134 /* _5_DemoLogTests.m */,
				CC527A671B5DFA3E00676134 /* Supporting Files */,
			);
			path = "05-DemoLogTests";
			sourceTree = "<group>";
		};
		CC527A671B5DFA3E00676134 /* Supporting Files */ = {
			isa = PBXGroup;
			children = (
				CC527A681B5DFA3E00676134 /* Info.plist */,
			);
			name = "Supporting Files";
			sourceTree = "<group>";
		};
/* End PBXGroup section */

/* Begin PBXNativeTarget section */
		CC527A491B5DFA3E00676134 /* 05-DemoLog */ = {
			isa = PBXNativeTarget;
			buildConfigurationList = CC527A6D1B5DFA3E00676134 /* Build configuration list for PBXNativeTarget "05-DemoLog" */;
			buildPhases = (
				CC527A461B5DFA3E00676134 /* Sources */,
				CC527A471B5DFA3E00676134 /* Frameworks */,
				CC527A481B5DFA3E00676134 /* Resources */,
			);
			buildRules = (
			);
			dependencies = (
			);
			name = "05-DemoLog";
			productName = "05-DemoLog";
			productReference = CC527A4A1B5DFA3E00676134 /* 05-DemoLog.app */;
			productType = "com.apple.product-type.application";
		};
		CC527A621B5DFA3E00676134 /* 05-DemoLogTests */ = {
			isa = PBXNativeTarget;
			buildConfigurationList = CC527A701B5DFA3E00676134 /* Build configuration list for PBXNativeTarget "05-DemoLogTests" */;
			buildPhases = (
				CC527A5F1B5DFA3E00676134 /* Sources */,
				CC527A601B5DFA3E00676134 /* Frameworks */,
				CC527A611B5DFA3E00676134 /* Resources */,
			);
			buildRules = (
			);
			dependencies = (
				CC527A651B5DFA3E00676134 /* PBXTargetDependency */,
			);
			name = "05-DemoLogTests";
			productName = "05-DemoLogTests";
			productReference = CC527A631B5DFA3E00676134 /* 05-DemoLogTests.xctest */;
			productType = "com.apple.product-type.bundle.unit-test";
		};
/* End PBXNativeTarget section */

/* Begin PBXProject section */
		CC527A421B5DFA3E00676134 /* Project object */ = {
			isa = PBXProject;
			attributes = {
				LastUpgradeCheck = 0610;
				ORGANIZATIONNAME = "河南青云信息技术有限公司";
				TargetAttributes = {
					CC527A491B5DFA3E00676134 = {
						CreatedOnToolsVersion = 6.1.1;
					};
					CC527A621B5DFA3E00676134 = {
						CreatedOnToolsVersion = 6.1.1;
						TestTargetID = CC527A491B5DFA3E00676134;
					};
				};
			};
			buildConfigurationList = CC527A451B5DFA3E00676134 /* Build configuration list for PBXProject "05-DemoLog" */;
			compatibilityVersion = "Xcode 3.2";
			developmentRegion = English;
			hasScannedForEncodings = 0;
			knownRegions = (
				en,
				Base,
			);
			mainGroup = CC527A411B5DFA3E00676134;
			productRefGroup = CC527A4B1B5DFA3E00676134 /* Products */;
			projectDirPath = "";
			projectRoot = "";
			targets = (
				CC527A491B5DFA3E00676134 /* 05-DemoLog */,
				CC527A621B5DFA3E00676134 /* 05-DemoLogTests */,
			);
		};
/* End PBXProject section */

/* Begin PBXResourcesBuildPhase section */
		CC527A481B5DFA3E00676134 /* Resources */ = {
			isa = PBXResourcesBuildPhase;
			buildActionMask = 2147483647;
			files = (
				CC527A591B5DFA3E00676134 /* Main.storyboard in Resources */,
				CC527A5E1B5DFA3E00676134 /* LaunchScreen.xib in Resources */,
				CC527A5B1B5DFA3E00676134 /* Images.xcassets in Resources */,
			);
			runOnlyForDeploymentPostprocessing = 0;
		};
		CC527A611B5DFA3E00676134 /* Resources */ = {
			isa = PBXResourcesBuildPhase;
			buildActionMask = 2147483647;
			files = (
			);
			runOnlyForDeploymentPostprocessing = 0;
		};
/* End PBXResourcesBuildPhase section */

/* Begin PBXSourcesBuildPhase section */
		CC527A461B5DFA3E00676134 /* Sources */ = {
			isa = PBXSourcesBuildPhase;
			buildActionMask = 2147483647;
			files = (
				CC28463A1B5DFA800051B27C /* UITableViewAdditional.m in Sources */,
				CC527A561B5DFA3E00676134 /* ViewController.m in Sources */,
				CC2846381B5DFA800051B27C /* NSString+Additions.m in Sources */,
				CC527A531B5DFA3E00676134 /* AppDelegate.m in Sources */,
				CC28463B1B5DFA800051B27C /* UIViewController+Convenience.m in Sources */,
				CC527A501B5DFA3E00676134 /* main.m in Sources */,
				CC28463D1B5DFA800051B27C /* WJImageSize.m in Sources */,
				CC28463C1B5DFA800051B27C /* README.md in Sources */,
				CC2846391B5DFA800051B27C /* YMVersionCheck.m in Sources */,
			);
			runOnlyForDeploymentPostprocessing = 0;
		};
		CC527A5F1B5DFA3E00676134 /* Sources */ = {
			isa = PBXSourcesBuildPhase;
			buildActionMask = 2147483647;
			files = (
				CC527A6A1B5DFA3E00676134 /* _5_DemoLogTests.m in Sources */,
			);
			runOnlyForDeploymentPostprocessing = 0;
		};
/* End PBXSourcesBuildPhase section */

/* Begin PBXTargetDependency section */
		CC527A651B5DFA3E00676134 /* PBXTargetDependency */ = {
			isa = PBXTargetDependency;
			target = CC527A491B5DFA3E00676134 /* 05-DemoLog */;
			targetProxy = CC527A641B5DFA3E00676134 /* PBXContainerItemProxy */;
		};
/* End PBXTargetDependency section */

/* Begin PBXVariantGroup section */
		CC527A571B5DFA3E00676134 /* Main.storyboard */ = {
			isa = PBXVariantGroup;
			children = (
				CC527A581B5DFA3E00676134 /* Base */,
			);
			name = Main.storyboard;
			sourceTree = "<group>";
		};
		CC527A5C1B5DFA3E00676134 /* LaunchScreen.xib */ = {
			isa = PBXVariantGroup;
			children = (
				CC527A5D1B5DFA3E00676134 /* Base */,
			);
			name = LaunchScreen.xib;
			sourceTree = "<group>";
		};
/* End PBXVariantGroup section */

/* Begin XCBuildConfiguration section */
		CC527A6B1B5DFA3E00676134 /* Debug */ = {
			isa = XCBuildConfiguration;
			buildSettings = {
				ALWAYS_SEARCH_USER_PATHS = NO;
				CLANG_CXX_LANGUAGE_STANDARD = "gnu++0x";
				CLANG_CXX_LIBRARY = "libc++";
				CLANG_ENABLE_MODULES = YES;
				CLANG_ENABLE_OBJC_ARC = YES;
				CLANG_WARN_BOOL_CONVERSION = YES;
				CLANG_WARN_CONSTANT_CONVERSION = YES;
				CLANG_WARN_DIRECT_OBJC_ISA_USAGE = YES_ERROR;
				CLANG_WARN_EMPTY_BODY = YES;
				CLANG_WARN_ENUM_CONVERSION = YES;
				CLANG_WARN_INT_CONVERSION = YES;
				CLANG_WARN_OBJC_ROOT_CLASS = YES_ERROR;
				CLANG_WARN_UNREACHABLE_CODE = YES;
				CLANG_WARN__DUPLICATE_METHOD_MATCH = YES;
				"CODE_SIGN_IDENTITY[sdk=iphoneos*]" = "iPhone Developer";
				COPY_PHASE_STRIP = NO;
				ENABLE_STRICT_OBJC_MSGSEND = YES;
				GCC_C_LANGUAGE_STANDARD = gnu99;
				GCC_DYNAMIC_NO_PIC = NO;
				GCC_OPTIMIZATION_LEVEL = 0;
				GCC_PREPROCESSOR_DEFINITIONS = (
					"DEBUG=1",
					"$(inherited)",
				);
				GCC_SYMBOLS_PRIVATE_EXTERN = NO;
				GCC_WARN_64_TO_32_BIT_CONVERSION = YES;
				GCC_WARN_ABOUT_RETURN_TYPE = YES_ERROR;
				GCC_WARN_UNDECLARED_SELECTOR = YES;
				GCC_WARN_UNINITIALIZED_AUTOS = YES_AGGRESSIVE;
				GCC_WARN_UNUSED_FUNCTION = YES;
				GCC_WARN_UNUSED_VARIABLE = YES;
				IPHONEOS_DEPLOYMENT_TARGET = 8.1;
				MTL_ENABLE_DEBUG_INFO = YES;
				ONLY_ACTIVE_ARCH = YES;
				SDKROOT = iphoneos;
			};
			name = Debug;
		};
		CC527A6C1B5DFA3E00676134 /* Release */ = {
			isa = XCBuildConfiguration;
			buildSettings = {
				ALWAYS_SEARCH_USER_PATHS = NO;
				CLANG_CXX_LANGUAGE_STANDARD = "gnu++0x";
				CLANG_CXX_LIBRARY = "libc++";
				CLANG_ENABLE_MODULES = YES;
				CLANG_ENABLE_OBJC_ARC = YES;
				CLANG_WARN_BOOL_CONVERSION = YES;
				CLANG_WARN_CONSTANT_CONVERSION = YES;
				CLANG_WARN_DIRECT_OBJC_ISA_USAGE = YES_ERROR;
				CLANG_WARN_EMPTY_BODY = YES;
				CLANG_WARN_ENUM_CONVERSION = YES;
				CLANG_WARN_INT_CONVERSION = YES;
				CLANG_WARN_OBJC_ROOT_CLASS = YES_ERROR;
				CLANG_WARN_UNREACHABLE_CODE = YES;
				CLANG_WARN__DUPLICATE_METHOD_MATCH = YES;
				"CODE_SIGN_IDENTITY[sdk=iphoneos*]" = "iPhone Developer";
				COPY_PHASE_STRIP = YES;
				ENABLE_NS_ASSERTIONS = NO;
				ENABLE_STRICT_OBJC_MSGSEND = YES;
				GCC_C_LANGUAGE_STANDARD = gnu99;
				GCC_WARN_64_TO_32_BIT_CONVERSION = YES;
				GCC_WARN_ABOUT_RETURN_TYPE = YES_ERROR;
				GCC_WARN_UNDECLARED_SELECTOR = YES;
				GCC_WARN_UNINITIALIZED_AUTOS = YES_AGGRESSIVE;
				GCC_WARN_UNUSED_FUNCTION = YES;
				GCC_WARN_UNUSED_VARIABLE = YES;
				IPHONEOS_DEPLOYMENT_TARGET = 8.1;
				MTL_ENABLE_DEBUG_INFO = NO;
				SDKROOT = iphoneos;
				VALIDATE_PRODUCT = YES;
			};
			name = Release;
		};
		CC527A6E1B5DFA3E00676134 /* Debug */ = {
			isa = XCBuildConfiguration;
			buildSettings = {
				ASSETCATALOG_COMPILER_APPICON_NAME = AppIcon;
				INFOPLIST_FILE = "05-DemoLog/Info.plist";
				LD_RUNPATH_SEARCH_PATHS = "$(inherited) @executable_path/Frameworks";
				ONLY_ACTIVE_ARCH = YES;
				PRODUCT_NAME = "$(TARGET_NAME)";
			};
			name = Debug;
		};
		CC527A6F1B5DFA3E00676134 /* Release */ = {
			isa = XCBuildConfiguration;
			buildSettings = {
				ASSETCATALOG_COMPILER_APPICON_NAME = AppIcon;
				INFOPLIST_FILE = "05-DemoLog/Info.plist";
				LD_RUNPATH_SEARCH_PATHS = "$(inherited) @executable_path/Frameworks";
				ONLY_ACTIVE_ARCH = NO;
				PRODUCT_NAME = "$(TARGET_NAME)";
			};
			name = Release;
		};
		CC527A711B5DFA3E00676134 /* Debug */ = {
			isa = XCBuildConfiguration;
			buildSettings = {
				BUNDLE_LOADER = "$(TEST_HOST)";
				FRAMEWORK_SEARCH_PATHS = (
					"$(SDKROOT)/Developer/Library/Frameworks",
					"$(inherited)",
				);
				GCC_PREPROCESSOR_DEFINITIONS = (
					"DEBUG=1",
					"$(inherited)",
				);
				INFOPLIST_FILE = "05-DemoLogTests/Info.plist";
				LD_RUNPATH_SEARCH_PATHS = "$(inherited) @executable_path/Frameworks @loader_path/Frameworks";
				PRODUCT_NAME = "$(TARGET_NAME)";
				TEST_HOST = "$(BUILT_PRODUCTS_DIR)/05-DemoLog.app/05-DemoLog";
			};
			name = Debug;
		};
		CC527A721B5DFA3E00676134 /* Release */ = {
			isa = XCBuildConfiguration;
			buildSettings = {
				BUNDLE_LOADER = "$(TEST_HOST)";
				FRAMEWORK_SEARCH_PATHS = (
					"$(SDKROOT)/Developer/Library/Frameworks",
					"$(inherited)",
				);
				INFOPLIST_FILE = "05-DemoLogTests/Info.plist";
				LD_RUNPATH_SEARCH_PATHS = "$(inherited) @executable_path/Frameworks @loader_path/Frameworks";
				PRODUCT_NAME = "$(TARGET_NAME)";
				TEST_HOST = "$(BUILT_PRODUCTS_DIR)/05-DemoLog.app/05-DemoLog";
			};
			name = Release;
		};
/* End XCBuildConfiguration section */

/* Begin XCConfigurationList section */
		CC527A451B5DFA3E00676134 /* Build configuration list for PBXProject "05-DemoLog" */ = {
			isa = XCConfigurationList;
			buildConfigurations = (
				CC527A6B1B5DFA3E00676134 /* Debug */,
				CC527A6C1B5DFA3E00676134 /* Release */,
			);
			defaultConfigurationIsVisible = 0;
			defaultConfigurationName = Release;
		};
		CC527A6D1B5DFA3E00676134 /* Build configuration list for PBXNativeTarget "05-DemoLog" */ = {
			isa = XCConfigurationList;
			buildConfigurations = (
				CC527A6E1B5DFA3E00676134 /* Debug */,
				CC527A6F1B5DFA3E00676134 /* Release */,
			);
			defaultConfigurationIsVisible = 0;
			defaultConfigurationName = Release;
		};
		CC527A701B5DFA3E00676134 /* Build configuration list for PBXNativeTarget "05-DemoLogTests" */ = {
			isa = XCConfigurationList;
			buildConfigurations = (
				CC527A711B5DFA3E00676134 /* Debug */,
				CC527A721B5DFA3E00676134 /* Release */,
			);
			defaultConfigurationIsVisible = 0;
			defaultConfigurationName = Release;
		};
/* End XCConfigurationList section */
	};
	rootObject = CC527A421B5DFA3E00676134 /* Project object */;
}
